
Microsoft Visual Studio Solution File, Format Version 12.00
# Visual Studio Version 16
VisualStudioVersion = 16.0.30717.126
MinimumVisualStudioVersion = 10.0.40219.1
Project("{9A19103F-16F7-4668-BE54-9A1E7A4F7556}") = "EjemploCache.Usuarios", "EjemploCache.Usuarios\EjemploCache.Usuarios.csproj", "{E7E08251-9363-42FA-812D-B7847F5251A7}"
EndProject
Project("{9A19103F-16F7-4668-BE54-9A1E7A4F7556}") = "EjemploCache.Empresa", "EjemploCache.Empresa\EjemploCache.Empresa.csproj", "{B67BC2A5-3674-4C26-A2DC-3DEF0CBFADC8}"
EndProject
Global
	GlobalSection(SolutionConfigurationPlatforms) = preSolution
		Debug|Any CPU = Debug|Any CPU
		Release|Any CPU = Release|Any CPU
	EndGlobalSection
	GlobalSection(ProjectConfigurationPlatforms) = postSolution
		{E7E08251-9363-42FA-812D-B7847F5251A7}.Debug|Any CPU.ActiveCfg = Debug|Any CPU
		{E7E08251-9363-42FA-812D-B7847F5251A7}.Debug|Any CPU.Build.0 = Debug|Any CPU
		{E7E08251-9363-42FA-812D-B7847F5251A7}.Release|Any CPU.ActiveCfg = Release|Any CPU
		{E7E08251-9363-42FA-812D-B7847F5251A7}.Release|Any CPU.Build.0 = Release|Any CPU
		{B67BC2A5-3674-4C26-A2DC-3DEF0CBFADC8}.Debug|Any CPU.ActiveCfg = Debug|Any CPU
		{B67BC2A5-3674-4C26-A2DC-3DEF0CBFADC8}.Debug|Any CPU.Build.0 = Debug|Any CPU
		{B67BC2A5-3674-4C26-A2DC-3DEF0CBFADC8}.Release|Any CPU.ActiveCfg = Release|Any CPU
		{B67BC2A5-3674-4C26-A2DC-3DEF0CBFADC8}.Release|Any CPU.Build.0 = Release|Any CPU
	EndGlobalSection
	GlobalSection(SolutionProperties) = preSolution
		HideSolutionNode = FALSE
	EndGlobalSection
	GlobalSection(ExtensibilityGlobals) = postSolution
		SolutionGuid = {7287A871-3920-4E47-9D02-91EE7312958D}
	EndGlobalSection
EndGlobal
